// !$*UTF8*$!
{
	archiveVersion = 1;
	classes = {
	};
	objectVersion = 56;
	objects = {

/* Begin PBXBuildFile section */
		94326DF32A9F5F92005E4530 /* AppDelegate.swift in Sources */ = {isa = PBXBuildFile; fileRef = 94326DF22A9F5F92005E4530 /* AppDelegate.swift */; };
		94326DF52A9F5F92005E4530 /* SceneDelegate.swift in Sources */ = {isa = PBXBuildFile; fileRef = 94326DF42A9F5F92005E4530 /* SceneDelegate.swift */; };
		94326DF72A9F5F92005E4530 /* RegistrationViewController.swift in Sources */ = {isa = PBXBuildFile; fileRef = 94326DF62A9F5F92005E4530 /* RegistrationViewController.swift */; };
		94326DFA2A9F5F92005E4530 /* Main.storyboard in Resources */ = {isa = PBXBuildFile; fileRef = 94326DF82A9F5F92005E4530 /* Main.storyboard */; };
		94326DFC2A9F5F93005E4530 /* Assets.xcassets in Resources */ = {isa = PBXBuildFile; fileRef = 94326DFB2A9F5F93005E4530 /* Assets.xcassets */; };
		94326DFF2A9F5F93005E4530 /* LaunchScreen.storyboard in Resources */ = {isa = PBXBuildFile; fileRef = 94326DFD2A9F5F93005E4530 /* LaunchScreen.storyboard */; };
		94326E0A2A9F6DB7005E4530 /* RegistrationViewModel.swift in Sources */ = {isa = PBXBuildFile; fileRef = 94326E092A9F6DB7005E4530 /* RegistrationViewModel.swift */; };
		94326E0D2A9F7DB1005E4530 /* String+Extension.swift in Sources */ = {isa = PBXBuildFile; fileRef = 94326E0C2A9F7DB1005E4530 /* String+Extension.swift */; };
		94326E0F2A9FB058005E4530 /* SignInViewController.swift in Sources */ = {isa = PBXBuildFile; fileRef = 94326E0E2A9FB058005E4530 /* SignInViewController.swift */; };
		94326E122A9FB399005E4530 /* SignInViewModel.swift in Sources */ = {isa = PBXBuildFile; fileRef = 94326E112A9FB399005E4530 /* SignInViewModel.swift */; };
		94326E142A9FB561005E4530 /* AlertController+Extension.swift in Sources */ = {isa = PBXBuildFile; fileRef = 94326E132A9FB561005E4530 /* AlertController+Extension.swift */; };
		94326E182A9FB944005E4530 /* HomeViewController.swift in Sources */ = {isa = PBXBuildFile; fileRef = 94326E172A9FB944005E4530 /* HomeViewController.swift */; };
/* End PBXBuildFile section */

/* Begin PBXFileReference section */
		94326DEF2A9F5F92005E4530 /* MTestArtTech.app */ = {isa = PBXFileReference; explicitFileType = wrapper.application; includeInIndex = 0; path = MTestArtTech.app; sourceTree = BUILT_PRODUCTS_DIR; };
		94326DF22A9F5F92005E4530 /* AppDelegate.swift */ = {isa = PBXFileReference; lastKnownFileType = sourcecode.swift; path = AppDelegate.swift; sourceTree = "<group>"; };
		94326DF42A9F5F92005E4530 /* SceneDelegate.swift */ = {isa = PBXFileReference; lastKnownFileType = sourcecode.swift; path = SceneDelegate.swift; sourceTree = "<group>"; };
		94326DF62A9F5F92005E4530 /* RegistrationViewController.swift */ = {isa = PBXFileReference; lastKnownFileType = sourcecode.swift; path = RegistrationViewController.swift; sourceTree = "<group>"; };
		94326DF92A9F5F92005E4530 /* Base */ = {isa = PBXFileReference; lastKnownFileType = file.storyboard; name = Base; path = Base.lproj/Main.storyboard; sourceTree = "<group>"; };
		94326DFB2A9F5F93005E4530 /* Assets.xcassets */ = {isa = PBXFileReference; lastKnownFileType = folder.assetcatalog; path = Assets.xcassets; sourceTree = "<group>"; };
		94326DFE2A9F5F93005E4530 /* Base */ = {isa = PBXFileReference; lastKnownFileType = file.storyboard; name = Base; path = Base.lproj/LaunchScreen.storyboard; sourceTree = "<group>"; };
		94326E002A9F5F93005E4530 /* Info.plist */ = {isa = PBXFileReference; lastKnownFileType = text.plist.xml; path = Info.plist; sourceTree = "<group>"; };
		94326E092A9F6DB7005E4530 /* RegistrationViewModel.swift */ = {isa = PBXFileReference; lastKnownFileType = sourcecode.swift; path = RegistrationViewModel.swift; sourceTree = "<group>"; };
		94326E0C2A9F7DB1005E4530 /* String+Extension.swift */ = {isa = PBXFileReference; lastKnownFileType = sourcecode.swift; path = "String+Extension.swift"; sourceTree = "<group>"; };
		94326E0E2A9FB058005E4530 /* SignInViewController.swift */ = {isa = PBXFileReference; lastKnownFileType = sourcecode.swift; path = SignInViewController.swift; sourceTree = "<group>"; };
		94326E112A9FB399005E4530 /* SignInViewModel.swift */ = {isa = PBXFileReference; lastKnownFileType = sourcecode.swift; path = SignInViewModel.swift; sourceTree = "<group>"; };
		94326E132A9FB561005E4530 /* AlertController+Extension.swift */ = {isa = PBXFileReference; lastKnownFileType = sourcecode.swift; path = "AlertController+Extension.swift"; sourceTree = "<group>"; };
		94326E172A9FB944005E4530 /* HomeViewController.swift */ = {isa = PBXFileReference; lastKnownFileType = sourcecode.swift; path = HomeViewController.swift; sourceTree = "<group>"; };
/* End PBXFileReference section */

/* Begin PBXFrameworksBuildPhase section */
		94326DEC2A9F5F92005E4530 /* Frameworks */ = {
			isa = PBXFrameworksBuildPhase;
			buildActionMask = 2147483647;
			files = (
			);
			runOnlyForDeploymentPostprocessing = 0;
		};
/* End PBXFrameworksBuildPhase section */

/* Begin PBXGroup section */
		94326DE62A9F5F92005E4530 = {
			isa = PBXGroup;
			children = (
				94326DF12A9F5F92005E4530 /* MTestArtTech */,
				94326DF02A9F5F92005E4530 /* Products */,
			);
			sourceTree = "<group>";
		};
		94326DF02A9F5F92005E4530 /* Products */ = {
			isa = PBXGroup;
			children = (
				94326DEF2A9F5F92005E4530 /* MTestArtTech.app */,
			);
			name = Products;
			sourceTree = "<group>";
		};
		94326DF12A9F5F92005E4530 /* MTestArtTech */ = {
			isa = PBXGroup;
			children = (
				94326E162A9FB925005E4530 /* Modules */,
				94326E0B2A9F7D9F005E4530 /* Extensions */,
				94326DF22A9F5F92005E4530 /* AppDelegate.swift */,
				94326DF42A9F5F92005E4530 /* SceneDelegate.swift */,
				94326DF82A9F5F92005E4530 /* Main.storyboard */,
				94326DFB2A9F5F93005E4530 /* Assets.xcassets */,
				94326DFD2A9F5F93005E4530 /* LaunchScreen.storyboard */,
				94326E002A9F5F93005E4530 /* Info.plist */,
			);
			path = MTestArtTech;
			sourceTree = "<group>";
		};
		94326E062A9F6005005E4530 /* Registration */ = {
			isa = PBXGroup;
			children = (
				94326E082A9F6D9E005E4530 /* ViewModel */,
				94326DF62A9F5F92005E4530 /* RegistrationViewController.swift */,
			);
			path = Registration;
			sourceTree = "<group>";
		};
		94326E072A9F600D005E4530 /* SignIn */ = {
			isa = PBXGroup;
			children = (
				94326E102A9FB381005E4530 /* ViewModel */,
				94326E0E2A9FB058005E4530 /* SignInViewController.swift */,
			);
			path = SignIn;
			sourceTree = "<group>";
		};
		94326E082A9F6D9E005E4530 /* ViewModel */ = {
			isa = PBXGroup;
			children = (
				94326E092A9F6DB7005E4530 /* RegistrationViewModel.swift */,
			);
			path = ViewModel;
			sourceTree = "<group>";
		};
		94326E0B2A9F7D9F005E4530 /* Extensions */ = {
			isa = PBXGroup;
			children = (
				94326E0C2A9F7DB1005E4530 /* String+Extension.swift */,
				94326E132A9FB561005E4530 /* AlertController+Extension.swift */,
			);
			path = Extensions;
			sourceTree = "<group>";
		};
		94326E102A9FB381005E4530 /* ViewModel */ = {
			isa = PBXGroup;
			children = (
				94326E112A9FB399005E4530 /* SignInViewModel.swift */,
			);
			path = ViewModel;
			sourceTree = "<group>";
		};
		94326E152A9FB90C005E4530 /* Home */ = {
			isa = PBXGroup;
			children = (
				94326E172A9FB944005E4530 /* HomeViewController.swift */,
			);
			path = Home;
			sourceTree = "<group>";
		};
		94326E162A9FB925005E4530 /* Modules */ = {
			isa = PBXGroup;
			children = (
				94326E072A9F600D005E4530 /* SignIn */,
				94326E062A9F6005005E4530 /* Registration */,
				94326E152A9FB90C005E4530 /* Home */,
			);
			path = Modules;
			sourceTree = "<group>";
		};
/* End PBXGroup section */

/* Begin PBXNativeTarget section */
		94326DEE2A9F5F92005E4530 /* MTestArtTech */ = {
			isa = PBXNativeTarget;
			buildConfigurationList = 94326E032A9F5F93005E4530 /* Build configuration list for PBXNativeTarget "MTestArtTech" */;
			buildPhases = (
				94326DEB2A9F5F92005E4530 /* Sources */,
				94326DEC2A9F5F92005E4530 /* Frameworks */,
				94326DED2A9F5F92005E4530 /* Resources */,
			);
			buildRules = (
			);
			dependencies = (
			);
			name = MTestArtTech;
			productName = MTestArtTech;
			productReference = 94326DEF2A9F5F92005E4530 /* MTestArtTech.app */;
			productType = "com.apple.product-type.application";
		};
/* End PBXNativeTarget section */

/* Begin PBXProject section */
		94326DE72A9F5F92005E4530 /* Project object */ = {
			isa = PBXProject;
			attributes = {
				BuildIndependentTargetsInParallel = 1;
				LastSwiftUpdateCheck = 1430;
				LastUpgradeCheck = 1430;
				TargetAttributes = {
					94326DEE2A9F5F92005E4530 = {
						CreatedOnToolsVersion = 14.3.1;
					};
				};
			};
			buildConfigurationList = 94326DEA2A9F5F92005E4530 /* Build configuration list for PBXProject "MTestArtTech" */;
			compatibilityVersion = "Xcode 14.0";
			developmentRegion = en;
			hasScannedForEncodings = 0;
			knownRegions = (
				en,
				Base,
			);
			mainGroup = 94326DE62A9F5F92005E4530;
			productRefGroup = 94326DF02A9F5F92005E4530 /* Products */;
			projectDirPath = "";
			projectRoot = "";
			targets = (
				94326DEE2A9F5F92005E4530 /* MTestArtTech */,
			);
		};
/* End PBXProject section */

/* Begin PBXResourcesBuildPhase section */
		94326DED2A9F5F92005E4530 /* Resources */ = {
			isa = PBXResourcesBuildPhase;
			buildActionMask = 2147483647;
			files = (
				94326DFF2A9F5F93005E4530 /* LaunchScreen.storyboard in Resources */,
				94326DFC2A9F5F93005E4530 /* Assets.xcassets in Resources */,
				94326DFA2A9F5F92005E4530 /* Main.storyboard in Resources */,
			);
			runOnlyForDeploymentPostprocessing = 0;
		};
/* End PBXResourcesBuildPhase section */

/* Begin PBXSourcesBuildPhase section */
		94326DEB2A9F5F92005E4530 /* Sources */ = {
			isa = PBXSourcesBuildPhase;
			buildActionMask = 2147483647;
			files = (
				94326DF72A9F5F92005E4530 /* RegistrationViewController.swift in Sources */,
				94326E122A9FB399005E4530 /* SignInViewModel.swift in Sources */,
				94326E0A2A9F6DB7005E4530 /* RegistrationViewModel.swift in Sources */,
				94326E0F2A9FB058005E4530 /* SignInViewController.swift in Sources */,
				94326DF32A9F5F92005E4530 /* AppDelegate.swift in Sources */,
				94326E182A9FB944005E4530 /* HomeViewController.swift in Sources */,
				94326E0D2A9F7DB1005E4530 /* String+Extension.swift in Sources */,
				94326E142A9FB561005E4530 /* AlertController+Extension.swift in Sources */,
				94326DF52A9F5F92005E4530 /* SceneDelegate.swift in Sources */,
			);
			runOnlyForDeploymentPostprocessing = 0;
		};
/* End PBXSourcesBuildPhase section */

/* Begin PBXVariantGroup section */
		94326DF82A9F5F92005E4530 /* Main.storyboard */ = {
			isa = PBXVariantGroup;
			children = (
				94326DF92A9F5F92005E4530 /* Base */,
			);
			name = Main.storyboard;
			sourceTree = "<group>";
		};
		94326DFD2A9F5F93005E4530 /* LaunchScreen.storyboard */ = {
			isa = PBXVariantGroup;
			children = (
				94326DFE2A9F5F93005E4530 /* Base */,
			);
			name = LaunchScreen.storyboard;
			sourceTree = "<group>";
		};
/* End PBXVariantGroup section */

/* Begin XCBuildConfiguration section */
		94326E012A9F5F93005E4530 /* Debug */ = {
			isa = XCBuildConfiguration;
			buildSettings = {
				ALWAYS_SEARCH_USER_PATHS = NO;
				CLANG_ANALYZER_NONNULL = YES;
				CLANG_ANALYZER_NUMBER_OBJECT_CONVERSION = YES_AGGRESSIVE;
				CLANG_CXX_LANGUAGE_STANDARD = "gnu++20";
				CLANG_ENABLE_MODULES = YES;
				CLANG_ENABLE_OBJC_ARC = YES;
				CLANG_ENABLE_OBJC_WEAK = YES;
				CLANG_WARN_BLOCK_CAPTURE_AUTORELEASING = YES;
				CLANG_WARN_BOOL_CONVERSION = YES;
				CLANG_WARN_COMMA = YES;
				CLANG_WARN_CONSTANT_CONVERSION = YES;
				CLANG_WARN_DEPRECATED_OBJC_IMPLEMENTATIONS = YES;
				CLANG_WARN_DIRECT_OBJC_ISA_USAGE = YES_ERROR;
				CLANG_WARN_DOCUMENTATION_COMMENTS = YES;
				CLANG_WARN_EMPTY_BODY = YES;
				CLANG_WARN_ENUM_CONVERSION = YES;
				CLANG_WARN_INFINITE_RECURSION = YES;
				CLANG_WARN_INT_CONVERSION = YES;
				CLANG_WARN_NON_LITERAL_NULL_CONVERSION = YES;
				CLANG_WARN_OBJC_IMPLICIT_RETAIN_SELF = YES;
				CLANG_WARN_OBJC_LITERAL_CONVERSION = YES;
				CLANG_WARN_OBJC_ROOT_CLASS = YES_ERROR;
				CLANG_WARN_QUOTED_INCLUDE_IN_FRAMEWORK_HEADER = YES;
				CLANG_WARN_RANGE_LOOP_ANALYSIS = YES;
				CLANG_WARN_STRICT_PROTOTYPES = YES;
				CLANG_WARN_SUSPICIOUS_MOVE = YES;
				CLANG_WARN_UNGUARDED_AVAILABILITY = YES_AGGRESSIVE;
				CLANG_WARN_UNREACHABLE_CODE = YES;
				CLANG_WARN__DUPLICATE_METHOD_MATCH = YES;
				COPY_PHASE_STRIP = NO;
				DEBUG_INFORMATION_FORMAT = dwarf;
				ENABLE_STRICT_OBJC_MSGSEND = YES;
				ENABLE_TESTABILITY = YES;
				GCC_C_LANGUAGE_STANDARD = gnu11;
				GCC_DYNAMIC_NO_PIC = NO;
				GCC_NO_COMMON_BLOCKS = YES;
				GCC_OPTIMIZATION_LEVEL = 0;
				GCC_PREPROCESSOR_DEFINITIONS = (
					"DEBUG=1",
					"$(inherited)",
				);
				GCC_WARN_64_TO_32_BIT_CONVERSION = YES;
				GCC_WARN_ABOUT_RETURN_TYPE = YES_ERROR;
				GCC_WARN_UNDECLARED_SELECTOR = YES;
				GCC_WARN_UNINITIALIZED_AUTOS = YES_AGGRESSIVE;
				GCC_WARN_UNUSED_FUNCTION = YES;
				GCC_WARN_UNUSED_VARIABLE = YES;
				IPHONEOS_DEPLOYMENT_TARGET = 16.4;
				MTL_ENABLE_DEBUG_INFO = INCLUDE_SOURCE;
				MTL_FAST_MATH = YES;
				ONLY_ACTIVE_ARCH = YES;
				SDKROOT = iphoneos;
				SWIFT_ACTIVE_COMPILATION_CONDITIONS = DEBUG;
				SWIFT_OPTIMIZATION_LEVEL = "-Onone";
			};
			name = Debug;
		};
		94326E022A9F5F93005E4530 /* Release */ = {
			isa = XCBuildConfiguration;
			buildSettings = {
				ALWAYS_SEARCH_USER_PATHS = NO;
				CLANG_ANALYZER_NONNULL = YES;
				CLANG_ANALYZER_NUMBER_OBJECT_CONVERSION = YES_AGGRESSIVE;
				CLANG_CXX_LANGUAGE_STANDARD = "gnu++20";
				CLANG_ENABLE_MODULES = YES;
				CLANG_ENABLE_OBJC_ARC = YES;
				CLANG_ENABLE_OBJC_WEAK = YES;
				CLANG_WARN_BLOCK_CAPTURE_AUTORELEASING = YES;
				CLANG_WARN_BOOL_CONVERSION = YES;
				CLANG_WARN_COMMA = YES;
				CLANG_WARN_CONSTANT_CONVERSION = YES;
				CLANG_WARN_DEPRECATED_OBJC_IMPLEMENTATIONS = YES;
				CLANG_WARN_DIRECT_OBJC_ISA_USAGE = YES_ERROR;
				CLANG_WARN_DOCUMENTATION_COMMENTS = YES;
				CLANG_WARN_EMPTY_BODY = YES;
				CLANG_WARN_ENUM_CONVERSION = YES;
				CLANG_WARN_INFINITE_RECURSION = YES;
				CLANG_WARN_INT_CONVERSION = YES;
				CLANG_WARN_NON_LITERAL_NULL_CONVERSION = YES;
				CLANG_WARN_OBJC_IMPLICIT_RETAIN_SELF = YES;
				CLANG_WARN_OBJC_LITERAL_CONVERSION = YES;
				CLANG_WARN_OBJC_ROOT_CLASS = YES_ERROR;
				CLANG_WARN_QUOTED_INCLUDE_IN_FRAMEWORK_HEADER = YES;
				CLANG_WARN_RANGE_LOOP_ANALYSIS = YES;
				CLANG_WARN_STRICT_PROTOTYPES = YES;
				CLANG_WARN_SUSPICIOUS_MOVE = YES;
				CLANG_WARN_UNGUARDED_AVAILABILITY = YES_AGGRESSIVE;
				CLANG_WARN_UNREACHABLE_CODE = YES;
				CLANG_WARN__DUPLICATE_METHOD_MATCH = YES;
				COPY_PHASE_STRIP = NO;
				DEBUG_INFORMATION_FORMAT = "dwarf-with-dsym";
				ENABLE_NS_ASSERTIONS = NO;
				ENABLE_STRICT_OBJC_MSGSEND = YES;
				GCC_C_LANGUAGE_STANDARD = gnu11;
				GCC_NO_COMMON_BLOCKS = YES;
				GCC_WARN_64_TO_32_BIT_CONVERSION = YES;
				GCC_WARN_ABOUT_RETURN_TYPE = YES_ERROR;
				GCC_WARN_UNDECLARED_SELECTOR = YES;
				GCC_WARN_UNINITIALIZED_AUTOS = YES_AGGRESSIVE;
				GCC_WARN_UNUSED_FUNCTION = YES;
				GCC_WARN_UNUSED_VARIABLE = YES;
				IPHONEOS_DEPLOYMENT_TARGET = 16.4;
				MTL_ENABLE_DEBUG_INFO = NO;
				MTL_FAST_MATH = YES;
				SDKROOT = iphoneos;
				SWIFT_COMPILATION_MODE = wholemodule;
				SWIFT_OPTIMIZATION_LEVEL = "-O";
				VALIDATE_PRODUCT = YES;
			};
			name = Release;
		};
		94326E042A9F5F93005E4530 /* Debug */ = {
			isa = XCBuildConfiguration;
			buildSettings = {
				ASSETCATALOG_COMPILER_APPICON_NAME = AppIcon;
				ASSETCATALOG_COMPILER_GLOBAL_ACCENT_COLOR_NAME = AccentColor;
				CODE_SIGN_STYLE = Automatic;
				CURRENT_PROJECT_VERSION = 1;
				GENERATE_INFOPLIST_FILE = YES;
				INFOPLIST_FILE = MTestArtTech/Info.plist;
				INFOPLIST_KEY_UIApplicationSupportsIndirectInputEvents = YES;
				INFOPLIST_KEY_UILaunchStoryboardName = LaunchScreen;
				INFOPLIST_KEY_UIMainStoryboardFile = Main;
				INFOPLIST_KEY_UISupportedInterfaceOrientations_iPad = "UIInterfaceOrientationPortrait UIInterfaceOrientationPortraitUpsideDown UIInterfaceOrientationLandscapeLeft UIInterfaceOrientationLandscapeRight";
				INFOPLIST_KEY_UISupportedInterfaceOrientations_iPhone = "UIInterfaceOrientationPortrait UIInterfaceOrientationLandscapeLeft UIInterfaceOrientationLandscapeRight";
				LD_RUNPATH_SEARCH_PATHS = (
					"$(inherited)",
					"@executable_path/Frameworks",
				);
				MARKETING_VERSION = 1.0;
				PRODUCT_BUNDLE_IDENTIFIER = ArtTech.MTestArtTech;
				PRODUCT_NAME = "$(TARGET_NAME)";
				SWIFT_EMIT_LOC_STRINGS = YES;
				SWIFT_VERSION = 5.0;
				TARGETED_DEVICE_FAMILY = "1,2";
			};
			name = Debug;
		};
		94326E052A9F5F93005E4530 /* Release */ = {
			isa = XCBuildConfiguration;
			buildSettings = {
				ASSETCATALOG_COMPILER_APPICON_NAME = AppIcon;
				ASSETCATALOG_COMPILER_GLOBAL_ACCENT_COLOR_NAME = AccentColor;
				CODE_SIGN_STYLE = Automatic;
				CURRENT_PROJECT_VERSION = 1;
				GENERATE_INFOPLIST_FILE = YES;
				INFOPLIST_FILE = MTestArtTech/Info.plist;
				INFOPLIST_KEY_UIApplicationSupportsIndirectInputEvents = YES;
				INFOPLIST_KEY_UILaunchStoryboardName = LaunchScreen;
				INFOPLIST_KEY_UIMainStoryboardFile = Main;
				INFOPLIST_KEY_UISupportedInterfaceOrientations_iPad = "UIInterfaceOrientationPortrait UIInterfaceOrientationPortraitUpsideDown UIInterfaceOrientationLandscapeLeft UIInterfaceOrientationLandscapeRight";
				INFOPLIST_KEY_UISupportedInterfaceOrientations_iPhone = "UIInterfaceOrientationPortrait UIInterfaceOrientationLandscapeLeft UIInterfaceOrientationLandscapeRight";
				LD_RUNPATH_SEARCH_PATHS = (
					"$(inherited)",
					"@executable_path/Frameworks",
				);
				MARKETING_VERSION = 1.0;
				PRODUCT_BUNDLE_IDENTIFIER = ArtTech.MTestArtTech;
				PRODUCT_NAME = "$(TARGET_NAME)";
				SWIFT_EMIT_LOC_STRINGS = YES;
				SWIFT_VERSION = 5.0;
				TARGETED_DEVICE_FAMILY = "1,2";
			};
			name = Release;
		};
/* End XCBuildConfiguration section */

/* Begin XCConfigurationList section */
		94326DEA2A9F5F92005E4530 /* Build configuration list for PBXProject "MTestArtTech" */ = {
			isa = XCConfigurationList;
			buildConfigurations = (
				94326E012A9F5F93005E4530 /* Debug */,
				94326E022A9F5F93005E4530 /* Release */,
			);
			defaultConfigurationIsVisible = 0;
			defaultConfigurationName = Release;
		};
		94326E032A9F5F93005E4530 /* Build configuration list for PBXNativeTarget "MTestArtTech" */ = {
			isa = XCConfigurationList;
			buildConfigurations = (
				94326E042A9F5F93005E4530 /* Debug */,
				94326E052A9F5F93005E4530 /* Release */,
			);
			defaultConfigurationIsVisible = 0;
			defaultConfigurationName = Release;
		};
/* End XCConfigurationList section */
	};
	rootObject = 94326DE72A9F5F92005E4530 /* Project object */;
}
